PODS:
  - FlutterMacOS (1.0.0)
  - layrz_wifi (0.1.0):
    - Flutter
    - FlutterMacOS

DEPENDENCIES:
  - FlutterMacOS (from `Flutter/ephemeral`)
  - layrz_wifi (from `Flutter/ephemeral/.symlinks/plugins/layrz_wifi/darwin`)

EXTERNAL SOURCES:
  FlutterMacOS:
    :path: Flutter/ephemeral
  layrz_wifi:
    :path: Flutter/ephemeral/.symlinks/plugins/layrz_wifi/darwin

SPEC CHECKSUMS:
  FlutterMacOS: d0db08ddef1a9af05a5ec4b724367152bb0500b1
  layrz_wifi: abcc31d5f2d530c63c45f788cd9c6c54e695ffb5

PODFILE CHECKSUM: 1e95c36afbfd1cb6423ceca4de7a8e1b256fb6ac

COCOAPODS: 1.16.2
